
Microsoft Visual Studio Solution File, Format Version 12.00
# Visual Studio Version 16
VisualStudioVersion = 16.0.34729.46
MinimumVisualStudioVersion = 10.0.40219.1
Project("{FAE04EC0-301F-11D3-BF4B-00C04F79EFBC}") = "HotelV4", "HotelV4.csproj", "{1439B120-9A2D-4699-B3E0-0D9121D0C636}"
EndProject
Global
	GlobalSection(SolutionConfigurationPlatforms) = preSolution
		Debug|Any CPU = Debug|Any CPU
		Release|Any CPU = Release|Any CPU
	EndGlobalSection
	GlobalSection(ProjectConfigurationPlatforms) = postSolution
		{1439B120-9A2D-4699-B3E0-0D9121D0C636}.Debug|Any CPU.ActiveCfg = Debug|Any CPU
		{1439B120-9A2D-4699-B3E0-0D9121D0C636}.Debug|Any CPU.Build.0 = Debug|Any CPU
		{1439B120-9A2D-4699-B3E0-0D9121D0C636}.Release|Any CPU.ActiveCfg = Release|Any CPU
		{1439B120-9A2D-4699-B3E0-0D9121D0C636}.Release|Any CPU.Build.0 = Release|Any CPU
	EndGlobalSection
	GlobalSection(SolutionProperties) = preSolution
		HideSolutionNode = FALSE
	EndGlobalSection
	GlobalSection(ExtensibilityGlobals) = postSolution
		SolutionGuid = {E18527C2-58DC-43A4-800B-D135FEE82A1F}
	EndGlobalSection
EndGlobal
